
Microsoft Visual Studio Solution File, Format Version 12.00
# Visual Studio Version 17
VisualStudioVersion = 17.7.34202.233
MinimumVisualStudioVersion = 10.0.40219.1
Project("{D954291E-2A0B-460D-934E-DC6B0785DB48}") = "minibank2", "minibank2\minibank2.shproj", "{8788D67A-D5A3-4B95-A5B4-9C70838E1833}"
EndProject
Project("{9A19103F-16F7-4668-BE54-9A1E7A4F7556}") = "minibank_client_api", "minibank_client_api\minibank_client_api.csproj", "{D12C9074-C034-4823-AAF0-4FFB44948EEB}"
EndProject
Project("{9A19103F-16F7-4668-BE54-9A1E7A4F7556}") = "minibank_account_api", "minibank_account_api\minibank_account_api.csproj", "{2591F1FC-7AA0-4497-B062-4F4F8B91AD3B}"
EndProject
Project("{2150E333-8FDC-42A3-9474-1A3956D46DE8}") = "deploy", "deploy", "{AEC858E8-ED66-4326-B5EB-AF84A2BB4BBF}"
	ProjectSection(SolutionItems) = preProject
		deploy\appsettings.json = deploy\appsettings.json
		deploy\cert.crt = deploy\cert.crt
		deploy\cert.key = deploy\cert.key
		deploy\cert.pfx = deploy\cert.pfx
		deploy\docker-compose.yml = deploy\docker-compose.yml
		deploy\docker-compose_dev_yml = deploy\docker-compose_dev_yml
		deploy\minibank.conf = deploy\minibank.conf
		deploy\minibank.crt = deploy\minibank.crt
		deploy\minibank.key = deploy\minibank.key
		deploy\nginx.conf = deploy\nginx.conf
		deploy\Readme.md = deploy\Readme.md
		deploy\root.crt = deploy\root.crt
	EndProjectSection
EndProject
Global
	GlobalSection(SolutionConfigurationPlatforms) = preSolution
		Debug|Any CPU = Debug|Any CPU
		Release|Any CPU = Release|Any CPU
	EndGlobalSection
	GlobalSection(ProjectConfigurationPlatforms) = postSolution
		{D12C9074-C034-4823-AAF0-4FFB44948EEB}.Debug|Any CPU.ActiveCfg = Debug|Any CPU
		{D12C9074-C034-4823-AAF0-4FFB44948EEB}.Debug|Any CPU.Build.0 = Debug|Any CPU
		{D12C9074-C034-4823-AAF0-4FFB44948EEB}.Release|Any CPU.ActiveCfg = Release|Any CPU
		{D12C9074-C034-4823-AAF0-4FFB44948EEB}.Release|Any CPU.Build.0 = Release|Any CPU
		{2591F1FC-7AA0-4497-B062-4F4F8B91AD3B}.Debug|Any CPU.ActiveCfg = Debug|Any CPU
		{2591F1FC-7AA0-4497-B062-4F4F8B91AD3B}.Debug|Any CPU.Build.0 = Debug|Any CPU
		{2591F1FC-7AA0-4497-B062-4F4F8B91AD3B}.Release|Any CPU.ActiveCfg = Release|Any CPU
		{2591F1FC-7AA0-4497-B062-4F4F8B91AD3B}.Release|Any CPU.Build.0 = Release|Any CPU
	EndGlobalSection
	GlobalSection(SolutionProperties) = preSolution
		HideSolutionNode = FALSE
	EndGlobalSection
	GlobalSection(ExtensibilityGlobals) = postSolution
		SolutionGuid = {598AC079-195B-4966-BED0-B8B8B94BA830}
	EndGlobalSection
	GlobalSection(SharedMSBuildProjectFiles) = preSolution
		minibank2\minibank2.projitems*{8788d67a-d5a3-4b95-a5b4-9c70838e1833}*SharedItemsImports = 13
	EndGlobalSection
EndGlobal
